
Microsoft Visual Studio Solution File, Format Version 12.00
# Visual Studio Version 17
VisualStudioVersion = 17.0.31903.59
MinimumVisualStudioVersion = 10.0.40219.1
Project("{2150E333-8FDC-42A3-9474-1A3956D46DE8}") = "src", "src", "{827E0CD3-B72D-47B6-A68D-7590B98EB39B}"
EndProject
Project("{2150E333-8FDC-42A3-9474-1A3956D46DE8}") = "Domain", "Domain", "{8B290487-4C16-E85E-E807-F579CBE9FC4D}"
EndProject
Project("{FAE04EC0-301F-11D3-BF4B-00C04F79EFBC}") = "DevTaskManager.Domain", "src\Domain\DevTaskManager.Domain.csproj", "{85A30075-D820-49C4-ABE7-E3D0759A6B66}"
EndProject
Project("{2150E333-8FDC-42A3-9474-1A3956D46DE8}") = "Application", "Application", "{22BAF98C-8415-17C4-B26A-D537657BC863}"
EndProject
Project("{FAE04EC0-301F-11D3-BF4B-00C04F79EFBC}") = "DevTaskManager.Application", "src\Application\DevTaskManager.Application.csproj", "{54C3C172-6A4A-47E2-A94D-474FC44D5C06}"
EndProject
Project("{2150E333-8FDC-42A3-9474-1A3956D46DE8}") = "Infrastructure", "Infrastructure", "{9048EB7F-3875-A59E-E36B-5BD4C6F2A282}"
EndProject
Project("{FAE04EC0-301F-11D3-BF4B-00C04F79EFBC}") = "DevTaskManager.Infrastructure", "src\Infrastructure\DevTaskManager.Infrastructure.csproj", "{AA146FBE-725F-4A41-837B-EA14F2BAFE48}"
EndProject
Project("{2150E333-8FDC-42A3-9474-1A3956D46DE8}") = "WebApi", "WebApi", "{953D89DF-FDD2-4C1A-6A43-6326114B13B5}"
EndProject
Project("{FAE04EC0-301F-11D3-BF4B-00C04F79EFBC}") = "DevTaskManager.WebApi", "src\WebApi\DevTaskManager.WebApi.csproj", "{2269A215-9BA2-4D4B-A119-3B5695499662}"
EndProject
Project("{2150E333-8FDC-42A3-9474-1A3956D46DE8}") = "Desktop", "Desktop", "{2951E765-5F77-95BA-3D85-F41283DA5914}"
EndProject
Project("{FAE04EC0-301F-11D3-BF4B-00C04F79EFBC}") = "DevTaskManager.Desktop", "src\Desktop\DevTaskManager.Desktop.csproj", "{DFCE5600-B37F-4B52-9602-18C7B6DCC364}"
EndProject
Project("{2150E333-8FDC-42A3-9474-1A3956D46DE8}") = "tests", "tests", "{0AB3BF05-4346-4AA6-1389-037BE0695223}"
EndProject
Project("{2150E333-8FDC-42A3-9474-1A3956D46DE8}") = "Domain.Tests", "Domain.Tests", "{6689DE0C-BD34-81AE-B353-DE31FCF7888B}"
EndProject
Project("{FAE04EC0-301F-11D3-BF4B-00C04F79EFBC}") = "DevTaskManager.Domain.Tests", "tests\Domain.Tests\DevTaskManager.Domain.Tests.csproj", "{C38C8B3A-B611-44F0-8008-C57FC2F330AA}"
EndProject
Project("{2150E333-8FDC-42A3-9474-1A3956D46DE8}") = "Application.Tests", "Application.Tests", "{E54C5156-A79F-F12B-3B9F-7475A4B81BB0}"
EndProject
Project("{FAE04EC0-301F-11D3-BF4B-00C04F79EFBC}") = "DevTaskManager.Application.Tests", "tests\Application.Tests\DevTaskManager.Application.Tests.csproj", "{8E5BCAB1-E942-470B-B229-22619585BB03}"
EndProject
Project("{2150E333-8FDC-42A3-9474-1A3956D46DE8}") = "Infrastructure.Tests", "Infrastructure.Tests", "{88F1B7BB-0385-4DEE-AC2C-E0C003E1F585}"
EndProject
Project("{FAE04EC0-301F-11D3-BF4B-00C04F79EFBC}") = "DevTaskManager.Infrastructure.Tests", "tests\Infrastructure.Tests\DevTaskManager.Infrastructure.Tests.csproj", "{B34ABC71-4E72-435A-9247-619543768B7F}"
EndProject
Project("{2150E333-8FDC-42A3-9474-1A3956D46DE8}") = "WebApi.Tests", "WebApi.Tests", "{16580B16-7A1A-7546-1A7B-9C6C29DC6348}"
EndProject
Project("{FAE04EC0-301F-11D3-BF4B-00C04F79EFBC}") = "DevTaskManager.WebApi.Tests", "tests\WebApi.Tests\DevTaskManager.WebApi.Tests.csproj", "{B8DA0AE6-F73F-41E2-84C1-62F92D47AC24}"
EndProject
Global
	GlobalSection(SolutionConfigurationPlatforms) = preSolution
		Debug|Any CPU = Debug|Any CPU
		Debug|x64 = Debug|x64
		Debug|x86 = Debug|x86
		Release|Any CPU = Release|Any CPU
		Release|x64 = Release|x64
		Release|x86 = Release|x86
	EndGlobalSection
	GlobalSection(ProjectConfigurationPlatforms) = postSolution
		{85A30075-D820-49C4-ABE7-E3D0759A6B66}.Debug|Any CPU.ActiveCfg = Debug|Any CPU
		{85A30075-D820-49C4-ABE7-E3D0759A6B66}.Debug|Any CPU.Build.0 = Debug|Any CPU
		{85A30075-D820-49C4-ABE7-E3D0759A6B66}.Debug|x64.ActiveCfg = Debug|Any CPU
		{85A30075-D820-49C4-ABE7-E3D0759A6B66}.Debug|x64.Build.0 = Debug|Any CPU
		{85A30075-D820-49C4-ABE7-E3D0759A6B66}.Debug|x86.ActiveCfg = Debug|Any CPU
		{85A30075-D820-49C4-ABE7-E3D0759A6B66}.Debug|x86.Build.0 = Debug|Any CPU
		{85A30075-D820-49C4-ABE7-E3D0759A6B66}.Release|Any CPU.ActiveCfg = Release|Any CPU
		{85A30075-D820-49C4-ABE7-E3D0759A6B66}.Release|Any CPU.Build.0 = Release|Any CPU
		{85A30075-D820-49C4-ABE7-E3D0759A6B66}.Release|x64.ActiveCfg = Release|Any CPU
		{85A30075-D820-49C4-ABE7-E3D0759A6B66}.Release|x64.Build.0 = Release|Any CPU
		{85A30075-D820-49C4-ABE7-E3D0759A6B66}.Release|x86.ActiveCfg = Release|Any CPU
		{85A30075-D820-49C4-ABE7-E3D0759A6B66}.Release|x86.Build.0 = Release|Any CPU
		{54C3C172-6A4A-47E2-A94D-474FC44D5C06}.Debug|Any CPU.ActiveCfg = Debug|Any CPU
		{54C3C172-6A4A-47E2-A94D-474FC44D5C06}.Debug|Any CPU.Build.0 = Debug|Any CPU
		{54C3C172-6A4A-47E2-A94D-474FC44D5C06}.Debug|x64.ActiveCfg = Debug|Any CPU
		{54C3C172-6A4A-47E2-A94D-474FC44D5C06}.Debug|x64.Build.0 = Debug|Any CPU
		{54C3C172-6A4A-47E2-A94D-474FC44D5C06}.Debug|x86.ActiveCfg = Debug|Any CPU
		{54C3C172-6A4A-47E2-A94D-474FC44D5C06}.Debug|x86.Build.0 = Debug|Any CPU
		{54C3C172-6A4A-47E2-A94D-474FC44D5C06}.Release|Any CPU.ActiveCfg = Release|Any CPU
		{54C3C172-6A4A-47E2-A94D-474FC44D5C06}.Release|Any CPU.Build.0 = Release|Any CPU
		{54C3C172-6A4A-47E2-A94D-474FC44D5C06}.Release|x64.ActiveCfg = Release|Any CPU
		{54C3C172-6A4A-47E2-A94D-474FC44D5C06}.Release|x64.Build.0 = Release|Any CPU
		{54C3C172-6A4A-47E2-A94D-474FC44D5C06}.Release|x86.ActiveCfg = Release|Any CPU
		{54C3C172-6A4A-47E2-A94D-474FC44D5C06}.Release|x86.Build.0 = Release|Any CPU
		{AA146FBE-725F-4A41-837B-EA14F2BAFE48}.Debug|Any CPU.ActiveCfg = Debug|Any CPU
		{AA146FBE-725F-4A41-837B-EA14F2BAFE48}.Debug|Any CPU.Build.0 = Debug|Any CPU
		{AA146FBE-725F-4A41-837B-EA14F2BAFE48}.Debug|x64.ActiveCfg = Debug|Any CPU
		{AA146FBE-725F-4A41-837B-EA14F2BAFE48}.Debug|x64.Build.0 = Debug|Any CPU
		{AA146FBE-725F-4A41-837B-EA14F2BAFE48}.Debug|x86.ActiveCfg = Debug|Any CPU
		{AA146FBE-725F-4A41-837B-EA14F2BAFE48}.Debug|x86.Build.0 = Debug|Any CPU
		{AA146FBE-725F-4A41-837B-EA14F2BAFE48}.Release|Any CPU.ActiveCfg = Release|Any CPU
		{AA146FBE-725F-4A41-837B-EA14F2BAFE48}.Release|Any CPU.Build.0 = Release|Any CPU
		{AA146FBE-725F-4A41-837B-EA14F2BAFE48}.Release|x64.ActiveCfg = Release|Any CPU
		{AA146FBE-725F-4A41-837B-EA14F2BAFE48}.Release|x64.Build.0 = Release|Any CPU
		{AA146FBE-725F-4A41-837B-EA14F2BAFE48}.Release|x86.ActiveCfg = Release|Any CPU
		{AA146FBE-725F-4A41-837B-EA14F2BAFE48}.Release|x86.Build.0 = Release|Any CPU
		{2269A215-9BA2-4D4B-A119-3B5695499662}.Debug|Any CPU.ActiveCfg = Debug|Any CPU
		{2269A215-9BA2-4D4B-A119-3B5695499662}.Debug|Any CPU.Build.0 = Debug|Any CPU
		{2269A215-9BA2-4D4B-A119-3B5695499662}.Debug|x64.ActiveCfg = Debug|Any CPU
		{2269A215-9BA2-4D4B-A119-3B5695499662}.Debug|x64.Build.0 = Debug|Any CPU
		{2269A215-9BA2-4D4B-A119-3B5695499662}.Debug|x86.ActiveCfg = Debug|Any CPU
		{2269A215-9BA2-4D4B-A119-3B5695499662}.Debug|x86.Build.0 = Debug|Any CPU
		{2269A215-9BA2-4D4B-A119-3B5695499662}.Release|Any CPU.ActiveCfg = Release|Any CPU
		{2269A215-9BA2-4D4B-A119-3B5695499662}.Release|Any CPU.Build.0 = Release|Any CPU
		{2269A215-9BA2-4D4B-A119-3B5695499662}.Release|x64.ActiveCfg = Release|Any CPU
		{2269A215-9BA2-4D4B-A119-3B5695499662}.Release|x64.Build.0 = Release|Any CPU
		{2269A215-9BA2-4D4B-A119-3B5695499662}.Release|x86.ActiveCfg = Release|Any CPU
		{2269A215-9BA2-4D4B-A119-3B5695499662}.Release|x86.Build.0 = Release|Any CPU
		{DFCE5600-B37F-4B52-9602-18C7B6DCC364}.Debug|Any CPU.ActiveCfg = Debug|Any CPU
		{DFCE5600-B37F-4B52-9602-18C7B6DCC364}.Debug|Any CPU.Build.0 = Debug|Any CPU
		{DFCE5600-B37F-4B52-9602-18C7B6DCC364}.Debug|x64.ActiveCfg = Debug|Any CPU
		{DFCE5600-B37F-4B52-9602-18C7B6DCC364}.Debug|x64.Build.0 = Debug|Any CPU
		{DFCE5600-B37F-4B52-9602-18C7B6DCC364}.Debug|x86.ActiveCfg = Debug|Any CPU
		{DFCE5600-B37F-4B52-9602-18C7B6DCC364}.Debug|x86.Build.0 = Debug|Any CPU
		{DFCE5600-B37F-4B52-9602-18C7B6DCC364}.Release|Any CPU.ActiveCfg = Release|Any CPU
		{DFCE5600-B37F-4B52-9602-18C7B6DCC364}.Release|Any CPU.Build.0 = Release|Any CPU
		{DFCE5600-B37F-4B52-9602-18C7B6DCC364}.Release|x64.ActiveCfg = Release|Any CPU
		{DFCE5600-B37F-4B52-9602-18C7B6DCC364}.Release|x64.Build.0 = Release|Any CPU
		{DFCE5600-B37F-4B52-9602-18C7B6DCC364}.Release|x86.ActiveCfg = Release|Any CPU
		{DFCE5600-B37F-4B52-9602-18C7B6DCC364}.Release|x86.Build.0 = Release|Any CPU
		{C38C8B3A-B611-44F0-8008-C57FC2F330AA}.Debug|Any CPU.ActiveCfg = Debug|Any CPU
		{C38C8B3A-B611-44F0-8008-C57FC2F330AA}.Debug|Any CPU.Build.0 = Debug|Any CPU
		{C38C8B3A-B611-44F0-8008-C57FC2F330AA}.Debug|x64.ActiveCfg = Debug|Any CPU
		{C38C8B3A-B611-44F0-8008-C57FC2F330AA}.Debug|x64.Build.0 = Debug|Any CPU
		{C38C8B3A-B611-44F0-8008-C57FC2F330AA}.Debug|x86.ActiveCfg = Debug|Any CPU
		{C38C8B3A-B611-44F0-8008-C57FC2F330AA}.Debug|x86.Build.0 = Debug|Any CPU
		{C38C8B3A-B611-44F0-8008-C57FC2F330AA}.Release|Any CPU.ActiveCfg = Release|Any CPU
		{C38C8B3A-B611-44F0-8008-C57FC2F330AA}.Release|Any CPU.Build.0 = Release|Any CPU
		{C38C8B3A-B611-44F0-8008-C57FC2F330AA}.Release|x64.ActiveCfg = Release|Any CPU
		{C38C8B3A-B611-44F0-8008-C57FC2F330AA}.Release|x64.Build.0 = Release|Any CPU
		{C38C8B3A-B611-44F0-8008-C57FC2F330AA}.Release|x86.ActiveCfg = Release|Any CPU
		{C38C8B3A-B611-44F0-8008-C57FC2F330AA}.Release|x86.Build.0 = Release|Any CPU
		{8E5BCAB1-E942-470B-B229-22619585BB03}.Debug|Any CPU.ActiveCfg = Debug|Any CPU
		{8E5BCAB1-E942-470B-B229-22619585BB03}.Debug|Any CPU.Build.0 = Debug|Any CPU
		{8E5BCAB1-E942-470B-B229-22619585BB03}.Debug|x64.ActiveCfg = Debug|Any CPU
		{8E5BCAB1-E942-470B-B229-22619585BB03}.Debug|x64.Build.0 = Debug|Any CPU
		{8E5BCAB1-E942-470B-B229-22619585BB03}.Debug|x86.ActiveCfg = Debug|Any CPU
		{8E5BCAB1-E942-470B-B229-22619585BB03}.Debug|x86.Build.0 = Debug|Any CPU
		{8E5BCAB1-E942-470B-B229-22619585BB03}.Release|Any CPU.ActiveCfg = Release|Any CPU
		{8E5BCAB1-E942-470B-B229-22619585BB03}.Release|Any CPU.Build.0 = Release|Any CPU
		{8E5BCAB1-E942-470B-B229-22619585BB03}.Release|x64.ActiveCfg = Release|Any CPU
		{8E5BCAB1-E942-470B-B229-22619585BB03}.Release|x64.Build.0 = Release|Any CPU
		{8E5BCAB1-E942-470B-B229-22619585BB03}.Release|x86.ActiveCfg = Release|Any CPU
		{8E5BCAB1-E942-470B-B229-22619585BB03}.Release|x86.Build.0 = Release|Any CPU
		{B34ABC71-4E72-435A-9247-619543768B7F}.Debug|Any CPU.ActiveCfg = Debug|Any CPU
		{B34ABC71-4E72-435A-9247-619543768B7F}.Debug|Any CPU.Build.0 = Debug|Any CPU
		{B34ABC71-4E72-435A-9247-619543768B7F}.Debug|x64.ActiveCfg = Debug|Any CPU
		{B34ABC71-4E72-435A-9247-619543768B7F}.Debug|x64.Build.0 = Debug|Any CPU
		{B34ABC71-4E72-435A-9247-619543768B7F}.Debug|x86.ActiveCfg = Debug|Any CPU
		{B34ABC71-4E72-435A-9247-619543768B7F}.Debug|x86.Build.0 = Debug|Any CPU
		{B34ABC71-4E72-435A-9247-619543768B7F}.Release|Any CPU.ActiveCfg = Release|Any CPU
		{B34ABC71-4E72-435A-9247-619543768B7F}.Release|Any CPU.Build.0 = Release|Any CPU
		{B34ABC71-4E72-435A-9247-619543768B7F}.Release|x64.ActiveCfg = Release|Any CPU
		{B34ABC71-4E72-435A-9247-619543768B7F}.Release|x64.Build.0 = Release|Any CPU
		{B34ABC71-4E72-435A-9247-619543768B7F}.Release|x86.ActiveCfg = Release|Any CPU
		{B34ABC71-4E72-435A-9247-619543768B7F}.Release|x86.Build.0 = Release|Any CPU
		{B8DA0AE6-F73F-41E2-84C1-62F92D47AC24}.Debug|Any CPU.ActiveCfg = Debug|Any CPU
		{B8DA0AE6-F73F-41E2-84C1-62F92D47AC24}.Debug|Any CPU.Build.0 = Debug|Any CPU
		{B8DA0AE6-F73F-41E2-84C1-62F92D47AC24}.Debug|x64.ActiveCfg = Debug|Any CPU
		{B8DA0AE6-F73F-41E2-84C1-62F92D47AC24}.Debug|x64.Build.0 = Debug|Any CPU
		{B8DA0AE6-F73F-41E2-84C1-62F92D47AC24}.Debug|x86.ActiveCfg = Debug|Any CPU
		{B8DA0AE6-F73F-41E2-84C1-62F92D47AC24}.Debug|x86.Build.0 = Debug|Any CPU
		{B8DA0AE6-F73F-41E2-84C1-62F92D47AC24}.Release|Any CPU.ActiveCfg = Release|Any CPU
		{B8DA0AE6-F73F-41E2-84C1-62F92D47AC24}.Release|Any CPU.Build.0 = Release|Any CPU
		{B8DA0AE6-F73F-41E2-84C1-62F92D47AC24}.Release|x64.ActiveCfg = Release|Any CPU
		{B8DA0AE6-F73F-41E2-84C1-62F92D47AC24}.Release|x64.Build.0 = Release|Any CPU
		{B8DA0AE6-F73F-41E2-84C1-62F92D47AC24}.Release|x86.ActiveCfg = Release|Any CPU
		{B8DA0AE6-F73F-41E2-84C1-62F92D47AC24}.Release|x86.Build.0 = Release|Any CPU
	EndGlobalSection
	GlobalSection(SolutionProperties) = preSolution
		HideSolutionNode = FALSE
	EndGlobalSection
	GlobalSection(NestedProjects) = preSolution
		{8B290487-4C16-E85E-E807-F579CBE9FC4D} = {827E0CD3-B72D-47B6-A68D-7590B98EB39B}
		{85A30075-D820-49C4-ABE7-E3D0759A6B66} = {8B290487-4C16-E85E-E807-F579CBE9FC4D}
		{22BAF98C-8415-17C4-B26A-D537657BC863} = {827E0CD3-B72D-47B6-A68D-7590B98EB39B}
		{54C3C172-6A4A-47E2-A94D-474FC44D5C06} = {22BAF98C-8415-17C4-B26A-D537657BC863}
		{9048EB7F-3875-A59E-E36B-5BD4C6F2A282} = {827E0CD3-B72D-47B6-A68D-7590B98EB39B}
		{AA146FBE-725F-4A41-837B-EA14F2BAFE48} = {9048EB7F-3875-A59E-E36B-5BD4C6F2A282}
		{953D89DF-FDD2-4C1A-6A43-6326114B13B5} = {827E0CD3-B72D-47B6-A68D-7590B98EB39B}
		{2269A215-9BA2-4D4B-A119-3B5695499662} = {953D89DF-FDD2-4C1A-6A43-6326114B13B5}
		{2951E765-5F77-95BA-3D85-F41283DA5914} = {827E0CD3-B72D-47B6-A68D-7590B98EB39B}
		{DFCE5600-B37F-4B52-9602-18C7B6DCC364} = {2951E765-5F77-95BA-3D85-F41283DA5914}
		{6689DE0C-BD34-81AE-B353-DE31FCF7888B} = {0AB3BF05-4346-4AA6-1389-037BE0695223}
		{C38C8B3A-B611-44F0-8008-C57FC2F330AA} = {6689DE0C-BD34-81AE-B353-DE31FCF7888B}
		{E54C5156-A79F-F12B-3B9F-7475A4B81BB0} = {0AB3BF05-4346-4AA6-1389-037BE0695223}
		{8E5BCAB1-E942-470B-B229-22619585BB03} = {E54C5156-A79F-F12B-3B9F-7475A4B81BB0}
		{88F1B7BB-0385-4DEE-AC2C-E0C003E1F585} = {0AB3BF05-4346-4AA6-1389-037BE0695223}
		{B34ABC71-4E72-435A-9247-619543768B7F} = {88F1B7BB-0385-4DEE-AC2C-E0C003E1F585}
		{16580B16-7A1A-7546-1A7B-9C6C29DC6348} = {0AB3BF05-4346-4AA6-1389-037BE0695223}
		{B8DA0AE6-F73F-41E2-84C1-62F92D47AC24} = {16580B16-7A1A-7546-1A7B-9C6C29DC6348}
	EndGlobalSection
EndGlobal
